
Microsoft Visual Studio Solution File, Format Version 12.00
# Visual Studio Version 16
VisualStudioVersion = 16.0.31205.134
MinimumVisualStudioVersion = 10.0.40219.1
Project("{FAE04EC0-301F-11D3-BF4B-00C04F79EFBC}") = "JBLib", "JBLib.csproj", "{AC0087A3-EF38-48F1-AF78-1F28902EB9C6}"
EndProject
Project("{FAE04EC0-301F-11D3-BF4B-00C04F79EFBC}") = "EvalTest", "..\EvalTest\EvalTest.csproj", "{7A8B0528-A54E-4D5C-97CF-2DFA07E8250E}"
EndProject
Global
	GlobalSection(SolutionConfigurationPlatforms) = preSolution
		Debug|Any CPU = Debug|Any CPU
		Release|Any CPU = Release|Any CPU
	EndGlobalSection
	GlobalSection(ProjectConfigurationPlatforms) = postSolution
		{AC0087A3-EF38-48F1-AF78-1F28902EB9C6}.Debug|Any CPU.ActiveCfg = Debug|Any CPU
		{AC0087A3-EF38-48F1-AF78-1F28902EB9C6}.Debug|Any CPU.Build.0 = Debug|Any CPU
		{AC0087A3-EF38-48F1-AF78-1F28902EB9C6}.Release|Any CPU.ActiveCfg = Release|Any CPU
		{AC0087A3-EF38-48F1-AF78-1F28902EB9C6}.Release|Any CPU.Build.0 = Release|Any CPU
		{7A8B0528-A54E-4D5C-97CF-2DFA07E8250E}.Debug|Any CPU.ActiveCfg = Debug|Any CPU
		{7A8B0528-A54E-4D5C-97CF-2DFA07E8250E}.Debug|Any CPU.Build.0 = Debug|Any CPU
		{7A8B0528-A54E-4D5C-97CF-2DFA07E8250E}.Release|Any CPU.ActiveCfg = Release|Any CPU
		{7A8B0528-A54E-4D5C-97CF-2DFA07E8250E}.Release|Any CPU.Build.0 = Release|Any CPU
	EndGlobalSection
	GlobalSection(SolutionProperties) = preSolution
		HideSolutionNode = FALSE
	EndGlobalSection
	GlobalSection(ExtensibilityGlobals) = postSolution
		SolutionGuid = {B9C98652-7865-4DCD-96B5-3F7F36B10080}
	EndGlobalSection
EndGlobal
